
Microsoft Visual Studio Solution File, Format Version 12.00
# Visual Studio Version 17
VisualStudioVersion = 17.6.33723.286
MinimumVisualStudioVersion = 10.0.40219.1
Project("{FAE04EC0-301F-11D3-BF4B-00C04F79EFBC}") = "Session5_BoilerPlate", "Session5_BoilerPlate.csproj", "{986B8C84-3AE0-41C9-9965-2A25E37532E9}"
EndProject
Global
	GlobalSection(SolutionConfigurationPlatforms) = preSolution
		Debug|Any CPU = Debug|Any CPU
		Release|Any CPU = Release|Any CPU
	EndGlobalSection
	GlobalSection(ProjectConfigurationPlatforms) = postSolution
		{986B8C84-3AE0-41C9-9965-2A25E37532E9}.Debug|Any CPU.ActiveCfg = Debug|Any CPU
		{986B8C84-3AE0-41C9-9965-2A25E37532E9}.Debug|Any CPU.Build.0 = Debug|Any CPU
		{986B8C84-3AE0-41C9-9965-2A25E37532E9}.Release|Any CPU.ActiveCfg = Release|Any CPU
		{986B8C84-3AE0-41C9-9965-2A25E37532E9}.Release|Any CPU.Build.0 = Release|Any CPU
	EndGlobalSection
	GlobalSection(SolutionProperties) = preSolution
		HideSolutionNode = FALSE
	EndGlobalSection
	GlobalSection(ExtensibilityGlobals) = postSolution
		SolutionGuid = {4E5B57A2-953E-4F61-962A-8872FE96E2A6}
	EndGlobalSection
EndGlobal
